# THIS IS AN AUTOGENERATED FILE. DO NOT EDIT THIS FILE DIRECTLY.
# yarn lockfile v1


"@guigalleta/t-parser@^2.1.1":
  "integrity" "sha512-ipzB2jcwfelCdEhIt4J2P0VcSX9Zzaby3uLQPBXxGjFLjh62b+D6t0B7GyFlD+2ZI0HaCdpVSmjvACLJSzCeZQ=="
  "resolved" "https://registry.npmjs.org/@guigalleta/t-parser/-/t-parser-2.1.1.tgz"
  "version" "2.1.1"

"@socket.io/component-emitter@~3.1.0":
  "integrity" "sha512-9BCxFwvbGg/RsZK9tjXd8s4UcwR0MWeFQ1XEKIQVVvAGJyINdrqKMcTRyLoK8Rse1GjzLV9cwjWV1olXRWEXVA=="
  "resolved" "https://registry.npmjs.org/@socket.io/component-emitter/-/component-emitter-3.1.2.tgz"
  "version" "3.1.2"

"ansi-styles@^3.2.1":
  "integrity" "sha512-VT0ZI6kZRdTh8YyJw3SMbYm/u+NqfsAxEpWO0Pf9sq8/e94WxxOpPKx9FR1FlyCtOVDNOQ+8ntlqFxiRc+r5qA=="
  "resolved" "https://registry.npmjs.org/ansi-styles/-/ansi-styles-3.2.1.tgz"
  "version" "3.2.1"
  dependencies:
    "color-convert" "^1.9.0"

"chalk@^2.4.1":
  "integrity" "sha512-Mti+f9lpJNcwF4tWV8/OrTTtF1gZi+f8FqlyAdouralcFWFQWF2+NgCHShjkCb+IFBLq9buZwE1xckQU4peSuQ=="
  "resolved" "https://registry.npmjs.org/chalk/-/chalk-2.4.2.tgz"
  "version" "2.4.2"
  dependencies:
    "ansi-styles" "^3.2.1"
    "escape-string-regexp" "^1.0.5"
    "supports-color" "^5.3.0"

"color-convert@^1.9.0":
  "integrity" "sha512-QfAUtd+vFdAtFQcC8CCyYt1fYWxSqAiK2cSD6zDB8N3cpsEBAvRxp9zOGg6G/SHHJYAT88/az/IuDGALsNVbGg=="
  "resolved" "https://registry.npmjs.org/color-convert/-/color-convert-1.9.3.tgz"
  "version" "1.9.3"
  dependencies:
    "color-name" "1.1.3"

"color-name@1.1.3":
  "integrity" "sha512-72fSenhMw2HZMTVHeCA9KCmpEIbzWiQsjN+BHcBbS9vr1mtt+vJjPdksIBNUmKAW8TFUDPJK5SUU3QhE9NEXDw=="
  "resolved" "https://registry.npmjs.org/color-name/-/color-name-1.1.3.tgz"
  "version" "1.1.3"

"debug@~4.3.1", "debug@~4.3.2":
  "integrity" "sha512-Er2nc/H7RrMXZBFCEim6TCmMk02Z8vLC2Rbi1KEBggpo0fS6l0S1nnapwmIi3yW/+GOJap1Krg4w0Hg80oCqgQ=="
  "resolved" "https://registry.npmjs.org/debug/-/debug-4.3.7.tgz"
  "version" "4.3.7"
  dependencies:
    "ms" "^2.1.3"

"engine.io-client@~6.6.1":
  "integrity" "sha512-TAr+NKeoVTjEVW8P3iHguO1LO6RlUz9O5Y8o7EY0fU+gY1NYqas7NN3slpFtbXEsLMHk0h90fJMfKjRkQ0qUIw=="
  "resolved" "https://registry.npmjs.org/engine.io-client/-/engine.io-client-6.6.2.tgz"
  "version" "6.6.2"
  dependencies:
    "@socket.io/component-emitter" "~3.1.0"
    "debug" "~4.3.1"
    "engine.io-parser" "~5.2.1"
    "ws" "~8.17.1"
    "xmlhttprequest-ssl" "~2.1.1"

"engine.io-parser@~5.2.1":
  "integrity" "sha512-HqD3yTBfnBxIrbnM1DoD6Pcq8NECnh8d4As1Qgh0z5Gg3jRRIqijury0CL3ghu/edArpUYiYqQiDUQBIs4np3Q=="
  "resolved" "https://registry.npmjs.org/engine.io-parser/-/engine.io-parser-5.2.3.tgz"
  "version" "5.2.3"

"escape-string-regexp@^1.0.5":
  "integrity" "sha512-vbRorB5FUQWvla16U8R/qgaFIya2qGzwDrNmCZuYKrbdSUMG6I1ZCGQRefkRVhuOkIGVne7BQ35DSfo1qvJqFg=="
  "resolved" "https://registry.npmjs.org/escape-string-regexp/-/escape-string-regexp-1.0.5.tgz"
  "version" "1.0.5"

"has-flag@^3.0.0":
  "integrity" "sha512-sKJf1+ceQBr4SMkvQnBDNDtf4TXpVhVGateu0t918bl30FnbE2m4vNLX+VWe/dpjlb+HugGYzW7uQXH98HPEYw=="
  "resolved" "https://registry.npmjs.org/has-flag/-/has-flag-3.0.0.tgz"
  "version" "3.0.0"

"kozz-types@^0.1.18":
  "integrity" "sha512-ULvzX8950Vy13j1cG2KDQLtskl5DH78VY2C0dj9RyB6EAKgXqWgRuM2C6Hyw5uxUcq2kWzXq9wHiRPVFrk+rdw=="
  "resolved" "https://registry.npmjs.org/kozz-types/-/kozz-types-0.1.18.tgz"
  "version" "0.1.18"
  dependencies:
    "link-module-alias" "^1.2.0"

"link-module-alias@^1.2.0":
  "integrity" "sha512-ahPjXepbSVKbahTB6LxR//VHm8HPfI+QQygCH+E82spBY4HR5VPJTvlhKBc9F7muVxnS6C1rRfoPOXAbWO/fyw=="
  "resolved" "https://registry.npmjs.org/link-module-alias/-/link-module-alias-1.2.0.tgz"
  "version" "1.2.0"
  dependencies:
    "chalk" "^2.4.1"

"ms@^2.1.3":
  "integrity" "sha512-6FlzubTLZG3J2a/NVCAleEhjzq5oxgHyaCU9yYXvcLsvoVaHJq/s5xXI6/XXP6tz7R9xAOtHnSO/tXtF3WRTlA=="
  "resolved" "https://registry.npmjs.org/ms/-/ms-2.1.3.tgz"
  "version" "2.1.3"

"socket.io-client@^4.8.1":
  "integrity" "sha512-hJVXfu3E28NmzGk8o1sHhN3om52tRvwYeidbj7xKy2eIIse5IoKX3USlS6Tqt3BHAtflLIkCQBkzVrEEfWUyYQ=="
  "resolved" "https://registry.npmjs.org/socket.io-client/-/socket.io-client-4.8.1.tgz"
  "version" "4.8.1"
  dependencies:
    "@socket.io/component-emitter" "~3.1.0"
    "debug" "~4.3.2"
    "engine.io-client" "~6.6.1"
    "socket.io-parser" "~4.2.4"

"socket.io-parser@~4.2.4":
  "integrity" "sha512-/GbIKmo8ioc+NIWIhwdecY0ge+qVBSMdgxGygevmdHj24bsfgtCmcUUcQ5ZzcylGFHsN3k4HB4Cgkl96KVnuew=="
  "resolved" "https://registry.npmjs.org/socket.io-parser/-/socket.io-parser-4.2.4.tgz"
  "version" "4.2.4"
  dependencies:
    "@socket.io/component-emitter" "~3.1.0"
    "debug" "~4.3.1"

"supports-color@^5.3.0":
  "integrity" "sha512-QjVjwdXIt408MIiAqCX4oUKsgU2EqAGzs2Ppkm4aQYbjm+ZEWEcW4SfFNTr4uMNZma0ey4f5lgLrkB0aX0QMow=="
  "resolved" "https://registry.npmjs.org/supports-color/-/supports-color-5.5.0.tgz"
  "version" "5.5.0"
  dependencies:
    "has-flag" "^3.0.0"

"typescript@^4.9.5":
  "integrity" "sha512-1FXk9E2Hm+QzZQ7z+McJiHL4NW1F2EzMu9Nq9i3zAaGqibafqYwCVU6WyWAuyQRRzOlxou8xZSyXLEN8oKj24g=="
  "resolved" "https://registry.npmjs.org/typescript/-/typescript-4.9.5.tgz"
  "version" "4.9.5"

"ws@~8.17.1":
  "integrity" "sha512-6XQFvXTkbfUOZOKKILFG1PDK2NDQs4azKQl26T0YS5CxqWLgXajbPZ+h4gZekJyRqFU8pvnbAbbs/3TgRPy+GQ=="
  "resolved" "https://registry.npmjs.org/ws/-/ws-8.17.1.tgz"
  "version" "8.17.1"

"xmlhttprequest-ssl@~2.1.1":
  "integrity" "sha512-TEU+nJVUUnA4CYJFLvK5X9AOeH4KvDvhIfm0vV1GaQRtchnG0hgK5p8hw/xjv8cunWYCsiPCSDzObPyhEwq3KQ=="
  "resolved" "https://registry.npmjs.org/xmlhttprequest-ssl/-/xmlhttprequest-ssl-2.1.2.tgz"
  "version" "2.1.2"
